
Microsoft Visual Studio Solution File, Format Version 12.00
# Visual Studio Version 17
VisualStudioVersion = 17.5.002.0
MinimumVisualStudioVersion = 10.0.40219.1
Project("{9A19103F-16F7-4668-BE54-9A1E7A4F7556}") = "HomeAccountant", "HomeAccountant.csproj", "{7492F5D0-B9CF-460D-960F-E722EE41395F}"
EndProject
Global
	GlobalSection(SolutionConfigurationPlatforms) = preSolution
		Debug|Any CPU = Debug|Any CPU
		Release|Any CPU = Release|Any CPU
	EndGlobalSection
	GlobalSection(ProjectConfigurationPlatforms) = postSolution
		{7492F5D0-B9CF-460D-960F-E722EE41395F}.Debug|Any CPU.ActiveCfg = Debug|Any CPU
		{7492F5D0-B9CF-460D-960F-E722EE41395F}.Debug|Any CPU.Build.0 = Debug|Any CPU
		{7492F5D0-B9CF-460D-960F-E722EE41395F}.Release|Any CPU.ActiveCfg = Release|Any CPU
		{7492F5D0-B9CF-460D-960F-E722EE41395F}.Release|Any CPU.Build.0 = Release|Any CPU
	EndGlobalSection
	GlobalSection(SolutionProperties) = preSolution
		HideSolutionNode = FALSE
	EndGlobalSection
	GlobalSection(ExtensibilityGlobals) = postSolution
		SolutionGuid = {FBBB58C4-7E20-46FE-B133-4D51E85474E8}
	EndGlobalSection
EndGlobal
